
Microsoft Visual Studio Solution File, Format Version 12.00
# Visual Studio 2013
VisualStudioVersion = 12.0.21005.1
MinimumVisualStudioVersion = 10.0.40219.1
Project("{8BC9CEB8-8B4A-11D0-8D11-00A0C91BC942}") = "测试1", "测试1\测试1.vcxproj", "{6FE53C49-D168-4F48-94E4-61D2E64B62EA}"
EndProject
Global
	GlobalSection(SolutionConfigurationPlatforms) = preSolution
		Debug|Win32 = Debug|Win32
		Release|Win32 = Release|Win32
	EndGlobalSection
	GlobalSection(ProjectConfigurationPlatforms) = postSolution
		{6FE53C49-D168-4F48-94E4-61D2E64B62EA}.Debug|Win32.ActiveCfg = Debug|Win32
		{6FE53C49-D168-4F48-94E4-61D2E64B62EA}.Debug|Win32.Build.0 = Debug|Win32
		{6FE53C49-D168-4F48-94E4-61D2E64B62EA}.Release|Win32.ActiveCfg = Release|Win32
		{6FE53C49-D168-4F48-94E4-61D2E64B62EA}.Release|Win32.Build.0 = Release|Win32
	EndGlobalSection
	GlobalSection(SolutionProperties) = preSolution
		HideSolutionNode = FALSE
	EndGlobalSection
EndGlobal
